
Microsoft Visual Studio Solution File, Format Version 12.00
# Visual Studio Version 17
VisualStudioVersion = 17.7.34031.279
MinimumVisualStudioVersion = 10.0.40219.1
Project("{FAE04EC0-301F-11D3-BF4B-00C04F79EFBC}") = "TicTacToe", "TicTacToe.csproj", "{EEA77831-A15C-45C8-8CB5-B96BA8E6A1EA}"
EndProject
Global
	GlobalSection(SolutionConfigurationPlatforms) = preSolution
		Debug|Any CPU = Debug|Any CPU
		Release|Any CPU = Release|Any CPU
	EndGlobalSection
	GlobalSection(ProjectConfigurationPlatforms) = postSolution
		{EEA77831-A15C-45C8-8CB5-B96BA8E6A1EA}.Debug|Any CPU.ActiveCfg = Debug|Any CPU
		{EEA77831-A15C-45C8-8CB5-B96BA8E6A1EA}.Debug|Any CPU.Build.0 = Debug|Any CPU
		{EEA77831-A15C-45C8-8CB5-B96BA8E6A1EA}.Release|Any CPU.ActiveCfg = Release|Any CPU
		{EEA77831-A15C-45C8-8CB5-B96BA8E6A1EA}.Release|Any CPU.Build.0 = Release|Any CPU
	EndGlobalSection
	GlobalSection(SolutionProperties) = preSolution
		HideSolutionNode = FALSE
	EndGlobalSection
	GlobalSection(ExtensibilityGlobals) = postSolution
		SolutionGuid = {7494DD01-FE3E-4EA7-95CE-E93D063A406E}
	EndGlobalSection
EndGlobal
